{
  "name": "starx-miner",
  "version": "1.0.0",
  "lockfileVersion": 2,
  "requires": true,
  "packages": {
    "": {
      "name": "starx-miner",
      "version": "1.0.0",
      "dependencies": {
        "express": "^4.18.2",
        "firebase-admin": "^11.10.1"
      }
    }
  },
  "dependencies": {
    "express": {
      "version": "4.18.2",
      "resolved": "https://registry.npmjs.org/express/-/express-4.18.2.tgz",
      "integrity": "sha512-0qQzQJq+Z5HH3MP8z2lQmcTj1ePb0K1yqG32HnMCzEoOiCWwZc4B8L7+IPy8U5E7k8PgeE7szpnz70RkR1aIgw=="
    },
    "firebase-admin": {
      "version": "11.10.1",
      "resolved": "https://registry.npmjs.org/firebase-admin/-/firebase-admin-11.10.1.tgz",
      "integrity": "sha512-a+F8UOEf9ixnO5MbNH93VDN6UdfLq3FxNN7N5h6nntGZL+7dJcokpREZkvC5u1df4oTiGv7YqStv3Q+P/qDJ1g=="
    }
  }
}
